
Microsoft Visual Studio Solution File, Format Version 12.00
# Visual Studio 2017
Project("{FAE04EC0-301F-11D3-BF4B-00C04F79EFBC}") = "Trunk.Plugins", "Trunk.Plugins.csproj", "{2BBE5B18-F7D1-B358-6FC0-86A09DE3F912}"
EndProject
Project("{FAE04EC0-301F-11D3-BF4B-00C04F79EFBC}") = "Trunk", "Trunk.csproj", "{9A53FA69-E87F-6CA0-7CDD-A7096C04A9B9}"
EndProject
Project("{FAE04EC0-301F-11D3-BF4B-00C04F79EFBC}") = "Trunk.Editor", "Trunk.Editor.csproj", "{A11672C9-A94E-7680-A6F7-0AC4C60F37CC}"
EndProject
Global
	GlobalSection(SolutionConfigurationPlatforms) = preSolution
		Debug|Any CPU = Debug|Any CPU
		Release|Any CPU = Release|Any CPU
	EndGlobalSection
	GlobalSection(ProjectConfigurationPlatforms) = postSolution
		{2BBE5B18-F7D1-B358-6FC0-86A09DE3F912}.Debug|Any CPU.ActiveCfg = Debug|Any CPU
		{2BBE5B18-F7D1-B358-6FC0-86A09DE3F912}.Debug|Any CPU.Build.0 = Debug|Any CPU
		{2BBE5B18-F7D1-B358-6FC0-86A09DE3F912}.Release|Any CPU.ActiveCfg = Release|Any CPU
		{2BBE5B18-F7D1-B358-6FC0-86A09DE3F912}.Release|Any CPU.Build.0 = Release|Any CPU
		{9A53FA69-E87F-6CA0-7CDD-A7096C04A9B9}.Debug|Any CPU.ActiveCfg = Debug|Any CPU
		{9A53FA69-E87F-6CA0-7CDD-A7096C04A9B9}.Debug|Any CPU.Build.0 = Debug|Any CPU
		{9A53FA69-E87F-6CA0-7CDD-A7096C04A9B9}.Release|Any CPU.ActiveCfg = Release|Any CPU
		{9A53FA69-E87F-6CA0-7CDD-A7096C04A9B9}.Release|Any CPU.Build.0 = Release|Any CPU
		{A11672C9-A94E-7680-A6F7-0AC4C60F37CC}.Debug|Any CPU.ActiveCfg = Debug|Any CPU
		{A11672C9-A94E-7680-A6F7-0AC4C60F37CC}.Debug|Any CPU.Build.0 = Debug|Any CPU
		{A11672C9-A94E-7680-A6F7-0AC4C60F37CC}.Release|Any CPU.ActiveCfg = Release|Any CPU
		{A11672C9-A94E-7680-A6F7-0AC4C60F37CC}.Release|Any CPU.Build.0 = Release|Any CPU
	EndGlobalSection
	GlobalSection(SolutionProperties) = preSolution
		HideSolutionNode = FALSE
	EndGlobalSection
EndGlobal
